{
    "name": "confidence-worker-api",
    "lockfileVersion": 3,
    "requires": true,
    "packages": {
        "": {
            "name": "confidence-worker-api",
            "dependencies": {
                "@tsndr/cloudflare-worker-jwt": "^2.0.6",
                "itty-router": "^4.1.2",
                "jose": "^6.0.10"
            }
        },
        "node_modules/@tsndr/cloudflare-worker-jwt": {
            "version": "2.5.4",
            "resolved": "https://registry.npmjs.org/@tsndr/cloudflare-worker-jwt/-/cloudflare-worker-jwt-2.5.4.tgz",
            "integrity": "sha512-f9lU8CL9NrsA3f8+Hanlgjl8Ten+WRAaV3DbmbReQGdH5rCRJeDSzpVaMjV6ifZP5hl8gvEumc18KqtT6xtX4A==",
            "license": "MIT"
        },
        "node_modules/itty-router": {
            "version": "4.2.2",
            "resolved": "https://registry.npmjs.org/itty-router/-/itty-router-4.2.2.tgz",
            "integrity": "sha512-KegPW0l9SNPadProoFT07AB84uOqLUwzlXQ7HsqkS31WUrxkjdhcemRpTDUuetbMJ89uBtWeQSVoiEmUAu31uw==",
            "license": "MIT"
        },
        "node_modules/jose": {
            "version": "6.0.10",
            "resolved": "https://registry.npmjs.org/jose/-/jose-6.0.10.tgz",
            "integrity": "sha512-skIAxZqcMkOrSwjJvplIPYrlXGpxTPnro2/QWTDCxAdWQrSTV5/KqspMWmi5WAx5+ULswASJiZ0a+1B/Lxt9cw==",
            "license": "MIT",
            "funding": {
                "url": "https://github.com/sponsors/panva"
            }
        }
    }
}
